
Microsoft Visual Studio Solution File, Format Version 12.00
# Visual Studio 15
VisualStudioVersion = 15.0.28307.1300
MinimumVisualStudioVersion = 10.0.40219.1
Project("{FAE04EC0-301F-11D3-BF4B-00C04F79EFBC}") = "CoffeeShopDemo", "CoffeeShopDemo\CoffeeShopDemo.csproj", "{B9FEC411-6B22-4309-82D7-5517DC3E3AE0}"
EndProject
Global
	GlobalSection(SolutionConfigurationPlatforms) = preSolution
		Debug|Any CPU = Debug|Any CPU
		Release|Any CPU = Release|Any CPU
	EndGlobalSection
	GlobalSection(ProjectConfigurationPlatforms) = postSolution
		{B9FEC411-6B22-4309-82D7-5517DC3E3AE0}.Debug|Any CPU.ActiveCfg = Debug|Any CPU
		{B9FEC411-6B22-4309-82D7-5517DC3E3AE0}.Debug|Any CPU.Build.0 = Debug|Any CPU
		{B9FEC411-6B22-4309-82D7-5517DC3E3AE0}.Release|Any CPU.ActiveCfg = Release|Any CPU
		{B9FEC411-6B22-4309-82D7-5517DC3E3AE0}.Release|Any CPU.Build.0 = Release|Any CPU
	EndGlobalSection
	GlobalSection(SolutionProperties) = preSolution
		HideSolutionNode = FALSE
	EndGlobalSection
	GlobalSection(ExtensibilityGlobals) = postSolution
		SolutionGuid = {490C6F75-4DC9-4259-9A51-5FB7C51069A6}
	EndGlobalSection
EndGlobal
